// !$*UTF8*$!
{
	archiveVersion = 1;
	classes = {
	};
	objectVersion = 51;
	objects = {

/* Begin PBXBuildFile section */
		1F56A9C28306E25F669B71D5 /* Pods_happinessDiary.framework in Frameworks */ = {isa = PBXBuildFile; fileRef = EBCD28EFF954B13BC4484354 /* Pods_happinessDiary.framework */; };
		452ED5332645D8A200EC3AE4 /* CalendarPageViewController.swift in Sources */ = {isa = PBXBuildFile; fileRef = 452ED5322645D8A200EC3AE4 /* CalendarPageViewController.swift */; };
		452ED5372645D8B200EC3AE4 /* DetailPageViewController.swift in Sources */ = {isa = PBXBuildFile; fileRef = 452ED5362645D8B200EC3AE4 /* DetailPageViewController.swift */; };
		452ED53A2645D8C000EC3AE4 /* TotalPageViewController.swift in Sources */ = {isa = PBXBuildFile; fileRef = 452ED5392645D8C000EC3AE4 /* TotalPageViewController.swift */; };
		45549383264ED41200C0D657 /* Colors.swift in Sources */ = {isa = PBXBuildFile; fileRef = 45549382264ED41200C0D657 /* Colors.swift */; };
		45549394264ED75000C0D657 /* Fonts.swift in Sources */ = {isa = PBXBuildFile; fileRef = 45549393264ED75000C0D657 /* Fonts.swift */; };
		45549396264ED77000C0D657 /* Constants.swift in Sources */ = {isa = PBXBuildFile; fileRef = 45549395264ED77000C0D657 /* Constants.swift */; };
		45549399264ED8BE00C0D657 /* TitleView.swift in Sources */ = {isa = PBXBuildFile; fileRef = 45549398264ED8BE00C0D657 /* TitleView.swift */; };
		4554939B264EDE0E00C0D657 /* Sizes.swift in Sources */ = {isa = PBXBuildFile; fileRef = 4554939A264EDE0E00C0D657 /* Sizes.swift */; };
		4554939E264EDF0400C0D657 /* PageViewController.swift in Sources */ = {isa = PBXBuildFile; fileRef = 4554939D264EDF0400C0D657 /* PageViewController.swift */; };
		455493A2264EEAD400C0D657 /* TopMenuView.swift in Sources */ = {isa = PBXBuildFile; fileRef = 455493A1264EEAD400C0D657 /* TopMenuView.swift */; };
		456F3491263D1BA1001CA534 /* AppDelegate.swift in Sources */ = {isa = PBXBuildFile; fileRef = 456F3490263D1BA1001CA534 /* AppDelegate.swift */; };
		456F349A263D1BA3001CA534 /* Assets.xcassets in Resources */ = {isa = PBXBuildFile; fileRef = 456F3499263D1BA3001CA534 /* Assets.xcassets */; };
		456F349D263D1BA3001CA534 /* LaunchScreen.storyboard in Resources */ = {isa = PBXBuildFile; fileRef = 456F349B263D1BA3001CA534 /* LaunchScreen.storyboard */; };
		456F34CB263D3C71001CA534 /* PagesViewController.swift in Sources */ = {isa = PBXBuildFile; fileRef = 456F34CA263D3C71001CA534 /* PagesViewController.swift */; };
/* End PBXBuildFile section */

/* Begin PBXFileReference section */
		452ED5322645D8A200EC3AE4 /* CalendarPageViewController.swift */ = {isa = PBXFileReference; lastKnownFileType = sourcecode.swift; path = CalendarPageViewController.swift; sourceTree = "<group>"; };
		452ED5362645D8B200EC3AE4 /* DetailPageViewController.swift */ = {isa = PBXFileReference; lastKnownFileType = sourcecode.swift; path = DetailPageViewController.swift; sourceTree = "<group>"; };
		452ED5392645D8C000EC3AE4 /* TotalPageViewController.swift */ = {isa = PBXFileReference; lastKnownFileType = sourcecode.swift; path = TotalPageViewController.swift; sourceTree = "<group>"; };
		45549382264ED41200C0D657 /* Colors.swift */ = {isa = PBXFileReference; lastKnownFileType = sourcecode.swift; path = Colors.swift; sourceTree = "<group>"; };
		45549393264ED75000C0D657 /* Fonts.swift */ = {isa = PBXFileReference; lastKnownFileType = sourcecode.swift; path = Fonts.swift; sourceTree = "<group>"; };
		45549395264ED77000C0D657 /* Constants.swift */ = {isa = PBXFileReference; lastKnownFileType = sourcecode.swift; path = Constants.swift; sourceTree = "<group>"; };
		45549398264ED8BE00C0D657 /* TitleView.swift */ = {isa = PBXFileReference; lastKnownFileType = sourcecode.swift; path = TitleView.swift; sourceTree = "<group>"; };
		4554939A264EDE0E00C0D657 /* Sizes.swift */ = {isa = PBXFileReference; lastKnownFileType = sourcecode.swift; path = Sizes.swift; sourceTree = "<group>"; };
		4554939D264EDF0400C0D657 /* PageViewController.swift */ = {isa = PBXFileReference; lastKnownFileType = sourcecode.swift; path = PageViewController.swift; sourceTree = "<group>"; };
		455493A1264EEAD400C0D657 /* TopMenuView.swift */ = {isa = PBXFileReference; lastKnownFileType = sourcecode.swift; path = TopMenuView.swift; sourceTree = "<group>"; };
		456F348D263D1BA1001CA534 /* happinessDiary.app */ = {isa = PBXFileReference; explicitFileType = wrapper.application; includeInIndex = 0; path = happinessDiary.app; sourceTree = BUILT_PRODUCTS_DIR; };
		456F3490263D1BA1001CA534 /* AppDelegate.swift */ = {isa = PBXFileReference; lastKnownFileType = sourcecode.swift; path = AppDelegate.swift; sourceTree = "<group>"; };
		456F3499263D1BA3001CA534 /* Assets.xcassets */ = {isa = PBXFileReference; lastKnownFileType = folder.assetcatalog; path = Assets.xcassets; sourceTree = "<group>"; };
		456F349C263D1BA3001CA534 /* Base */ = {isa = PBXFileReference; lastKnownFileType = file.storyboard; name = Base; path = Base.lproj/LaunchScreen.storyboard; sourceTree = "<group>"; };
		456F349E263D1BA3001CA534 /* Info.plist */ = {isa = PBXFileReference; lastKnownFileType = text.plist.xml; path = Info.plist; sourceTree = "<group>"; };
		456F34BD263D2E5A001CA534 /* iCarousel.framework */ = {isa = PBXFileReference; lastKnownFileType = wrapper.framework; name = iCarousel.framework; path = "Carthage/Build/iCarousel.xcframework/ios-arm64_armv7/iCarousel.framework"; sourceTree = "<group>"; };
		456F34C0263D2E6B001CA534 /* Alamofire.framework */ = {isa = PBXFileReference; lastKnownFileType = wrapper.framework; name = Alamofire.framework; path = "Carthage/Build/Alamofire.xcframework/ios-arm64_armv7/Alamofire.framework"; sourceTree = "<group>"; };
		456F34C3263D2E7A001CA534 /* SnapKit.framework */ = {isa = PBXFileReference; lastKnownFileType = wrapper.framework; name = SnapKit.framework; path = "Carthage/Build/SnapKit.xcframework/ios-arm64_armv7/SnapKit.framework"; sourceTree = "<group>"; };
		456F34CA263D3C71001CA534 /* PagesViewController.swift */ = {isa = PBXFileReference; lastKnownFileType = sourcecode.swift; path = PagesViewController.swift; sourceTree = "<group>"; };
		B5AD47833ADD53AC17B8A1E6 /* Pods-happinessDiary.release.xcconfig */ = {isa = PBXFileReference; includeInIndex = 1; lastKnownFileType = text.xcconfig; name = "Pods-happinessDiary.release.xcconfig"; path = "Target Support Files/Pods-happinessDiary/Pods-happinessDiary.release.xcconfig"; sourceTree = "<group>"; };
		BF230AC2EE2A1F29EBE5453E /* Pods-happinessDiary.debug.xcconfig */ = {isa = PBXFileReference; includeInIndex = 1; lastKnownFileType = text.xcconfig; name = "Pods-happinessDiary.debug.xcconfig"; path = "Target Support Files/Pods-happinessDiary/Pods-happinessDiary.debug.xcconfig"; sourceTree = "<group>"; };
		EBCD28EFF954B13BC4484354 /* Pods_happinessDiary.framework */ = {isa = PBXFileReference; explicitFileType = wrapper.framework; includeInIndex = 0; path = Pods_happinessDiary.framework; sourceTree = BUILT_PRODUCTS_DIR; };
/* End PBXFileReference section */

/* Begin PBXFrameworksBuildPhase section */
		456F348A263D1BA1001CA534 /* Frameworks */ = {
			isa = PBXFrameworksBuildPhase;
			buildActionMask = 2147483647;
			files = (
				1F56A9C28306E25F669B71D5 /* Pods_happinessDiary.framework in Frameworks */,
			);
			runOnlyForDeploymentPostprocessing = 0;
		};
/* End PBXFrameworksBuildPhase section */

/* Begin PBXGroup section */
		452ED52E2645D80500EC3AE4 /* Calendar */ = {
			isa = PBXGroup;
			children = (
				452ED5322645D8A200EC3AE4 /* CalendarPageViewController.swift */,
			);
			path = Calendar;
			sourceTree = "<group>";
		};
		452ED52F2645D84400EC3AE4 /* Total */ = {
			isa = PBXGroup;
			children = (
				452ED5392645D8C000EC3AE4 /* TotalPageViewController.swift */,
			);
			path = Total;
			sourceTree = "<group>";
		};
		452ED5312645D87200EC3AE4 /* Details. */ = {
			isa = PBXGroup;
			children = (
				452ED5362645D8B200EC3AE4 /* DetailPageViewController.swift */,
			);
			path = Details.;
			sourceTree = "<group>";
		};
		45549397264ED7F800C0D657 /* Common */ = {
			isa = PBXGroup;
			children = (
				45549398264ED8BE00C0D657 /* TitleView.swift */,
				4554939D264EDF0400C0D657 /* PageViewController.swift */,
				455493A1264EEAD400C0D657 /* TopMenuView.swift */,
			);
			path = Common;
			sourceTree = "<group>";
		};
		456F3484263D1BA1001CA534 = {
			isa = PBXGroup;
			children = (
				456F348F263D1BA1001CA534 /* happinessDiary */,
				456F348E263D1BA1001CA534 /* Products */,
				456F34BC263D2E59001CA534 /* Frameworks */,
				ED5B1679B6E239B6CFBAA70A /* Pods */,
			);
			sourceTree = "<group>";
		};
		456F348E263D1BA1001CA534 /* Products */ = {
			isa = PBXGroup;
			children = (
				456F348D263D1BA1001CA534 /* happinessDiary.app */,
			);
			name = Products;
			sourceTree = "<group>";
		};
		456F348F263D1BA1001CA534 /* happinessDiary */ = {
			isa = PBXGroup;
			children = (
				456F34C8263D3202001CA534 /* Base */,
				45549397264ED7F800C0D657 /* Common */,
				452ED52E2645D80500EC3AE4 /* Calendar */,
				452ED5312645D87200EC3AE4 /* Details. */,
				452ED52F2645D84400EC3AE4 /* Total */,
				456F3490263D1BA1001CA534 /* AppDelegate.swift */,
				456F3499263D1BA3001CA534 /* Assets.xcassets */,
				456F349B263D1BA3001CA534 /* LaunchScreen.storyboard */,
				456F349E263D1BA3001CA534 /* Info.plist */,
				456F34CA263D3C71001CA534 /* PagesViewController.swift */,
			);
			path = happinessDiary;
			sourceTree = "<group>";
		};
		456F34BC263D2E59001CA534 /* Frameworks */ = {
			isa = PBXGroup;
			children = (
				456F34C3263D2E7A001CA534 /* SnapKit.framework */,
				456F34C0263D2E6B001CA534 /* Alamofire.framework */,
				456F34BD263D2E5A001CA534 /* iCarousel.framework */,
				EBCD28EFF954B13BC4484354 /* Pods_happinessDiary.framework */,
			);
			name = Frameworks;
			sourceTree = "<group>";
		};
		456F34C8263D3202001CA534 /* Base */ = {
			isa = PBXGroup;
			children = (
				45549382264ED41200C0D657 /* Colors.swift */,
				45549393264ED75000C0D657 /* Fonts.swift */,
				45549395264ED77000C0D657 /* Constants.swift */,
				4554939A264EDE0E00C0D657 /* Sizes.swift */,
			);
			path = Base;
			sourceTree = "<group>";
		};
		ED5B1679B6E239B6CFBAA70A /* Pods */ = {
			isa = PBXGroup;
			children = (
				BF230AC2EE2A1F29EBE5453E /* Pods-happinessDiary.debug.xcconfig */,
				B5AD47833ADD53AC17B8A1E6 /* Pods-happinessDiary.release.xcconfig */,
			);
			path = Pods;
			sourceTree = "<group>";
		};
/* End PBXGroup section */

/* Begin PBXNativeTarget section */
		456F348C263D1BA1001CA534 /* happinessDiary */ = {
			isa = PBXNativeTarget;
			buildConfigurationList = 456F34A1263D1BA3001CA534 /* Build configuration list for PBXNativeTarget "happinessDiary" */;
			buildPhases = (
				909DFDEF0824B3C33848C9CB /* [CP] Check Pods Manifest.lock */,
				456F3489263D1BA1001CA534 /* Sources */,
				456F348A263D1BA1001CA534 /* Frameworks */,
				456F348B263D1BA1001CA534 /* Resources */,
				456F34C6263D2EF5001CA534 /* Run Script */,
				2896D4B9A4E38C39CECD9447 /* [CP] Embed Pods Frameworks */,
			);
			buildRules = (
			);
			dependencies = (
			);
			name = happinessDiary;
			productName = happinessDiary;
			productReference = 456F348D263D1BA1001CA534 /* happinessDiary.app */;
			productType = "com.apple.product-type.application";
		};
/* End PBXNativeTarget section */

/* Begin PBXProject section */
		456F3485263D1BA1001CA534 /* Project object */ = {
			isa = PBXProject;
			attributes = {
				LastSwiftUpdateCheck = 1220;
				LastUpgradeCheck = 1220;
				TargetAttributes = {
					456F348C263D1BA1001CA534 = {
						CreatedOnToolsVersion = 12.2;
					};
				};
			};
			buildConfigurationList = 456F3488263D1BA1001CA534 /* Build configuration list for PBXProject "happinessDiary" */;
			compatibilityVersion = "Xcode 9.3";
			developmentRegion = en;
			hasScannedForEncodings = 0;
			knownRegions = (
				en,
				Base,
			);
			mainGroup = 456F3484263D1BA1001CA534;
			productRefGroup = 456F348E263D1BA1001CA534 /* Products */;
			projectDirPath = "";
			projectRoot = "";
			targets = (
				456F348C263D1BA1001CA534 /* happinessDiary */,
			);
		};
/* End PBXProject section */

/* Begin PBXResourcesBuildPhase section */
		456F348B263D1BA1001CA534 /* Resources */ = {
			isa = PBXResourcesBuildPhase;
			buildActionMask = 2147483647;
			files = (
				456F349D263D1BA3001CA534 /* LaunchScreen.storyboard in Resources */,
				456F349A263D1BA3001CA534 /* Assets.xcassets in Resources */,
			);
			runOnlyForDeploymentPostprocessing = 0;
		};
/* End PBXResourcesBuildPhase section */

/* Begin PBXShellScriptBuildPhase section */
		2896D4B9A4E38C39CECD9447 /* [CP] Embed Pods Frameworks */ = {
			isa = PBXShellScriptBuildPhase;
			buildActionMask = 2147483647;
			files = (
			);
			inputFileListPaths = (
				"${PODS_ROOT}/Target Support Files/Pods-happinessDiary/Pods-happinessDiary-frameworks-${CONFIGURATION}-input-files.xcfilelist",
			);
			name = "[CP] Embed Pods Frameworks";
			outputFileListPaths = (
				"${PODS_ROOT}/Target Support Files/Pods-happinessDiary/Pods-happinessDiary-frameworks-${CONFIGURATION}-output-files.xcfilelist",
			);
			runOnlyForDeploymentPostprocessing = 0;
			shellPath = /bin/sh;
			shellScript = "\"${PODS_ROOT}/Target Support Files/Pods-happinessDiary/Pods-happinessDiary-frameworks.sh\"\n";
			showEnvVarsInLog = 0;
		};
		456F34C6263D2EF5001CA534 /* Run Script */ = {
			isa = PBXShellScriptBuildPhase;
			buildActionMask = 2147483647;
			files = (
			);
			inputFileListPaths = (
			);
			inputPaths = (
			);
			name = "Run Script";
			outputFileListPaths = (
			);
			outputPaths = (
			);
			runOnlyForDeploymentPostprocessing = 0;
			shellPath = /bin/sh;
			shellScript = "/usr/local/bin/carthage copy-frameworks\n";
		};
		909DFDEF0824B3C33848C9CB /* [CP] Check Pods Manifest.lock */ = {
			isa = PBXShellScriptBuildPhase;
			buildActionMask = 2147483647;
			files = (
			);
			inputFileListPaths = (
			);
			inputPaths = (
				"${PODS_PODFILE_DIR_PATH}/Podfile.lock",
				"${PODS_ROOT}/Manifest.lock",
			);
			name = "[CP] Check Pods Manifest.lock";
			outputFileListPaths = (
			);
			outputPaths = (
				"$(DERIVED_FILE_DIR)/Pods-happinessDiary-checkManifestLockResult.txt",
			);
			runOnlyForDeploymentPostprocessing = 0;
			shellPath = /bin/sh;
			shellScript = "diff \"${PODS_PODFILE_DIR_PATH}/Podfile.lock\" \"${PODS_ROOT}/Manifest.lock\" > /dev/null\nif [ $? != 0 ] ; then\n    # print error to STDERR\n    echo \"error: The sandbox is not in sync with the Podfile.lock. Run 'pod install' or update your CocoaPods installation.\" >&2\n    exit 1\nfi\n# This output is used by Xcode 'outputs' to avoid re-running this script phase.\necho \"SUCCESS\" > \"${SCRIPT_OUTPUT_FILE_0}\"\n";
			showEnvVarsInLog = 0;
		};
/* End PBXShellScriptBuildPhase section */

/* Begin PBXSourcesBuildPhase section */
		456F3489263D1BA1001CA534 /* Sources */ = {
			isa = PBXSourcesBuildPhase;
			buildActionMask = 2147483647;
			files = (
				452ED5372645D8B200EC3AE4 /* DetailPageViewController.swift in Sources */,
				452ED53A2645D8C000EC3AE4 /* TotalPageViewController.swift in Sources */,
				4554939E264EDF0400C0D657 /* PageViewController.swift in Sources */,
				455493A2264EEAD400C0D657 /* TopMenuView.swift in Sources */,
				456F3491263D1BA1001CA534 /* AppDelegate.swift in Sources */,
				456F34CB263D3C71001CA534 /* PagesViewController.swift in Sources */,
				45549383264ED41200C0D657 /* Colors.swift in Sources */,
				45549399264ED8BE00C0D657 /* TitleView.swift in Sources */,
				4554939B264EDE0E00C0D657 /* Sizes.swift in Sources */,
				452ED5332645D8A200EC3AE4 /* CalendarPageViewController.swift in Sources */,
				45549394264ED75000C0D657 /* Fonts.swift in Sources */,
				45549396264ED77000C0D657 /* Constants.swift in Sources */,
			);
			runOnlyForDeploymentPostprocessing = 0;
		};
/* End PBXSourcesBuildPhase section */

/* Begin PBXVariantGroup section */
		456F349B263D1BA3001CA534 /* LaunchScreen.storyboard */ = {
			isa = PBXVariantGroup;
			children = (
				456F349C263D1BA3001CA534 /* Base */,
			);
			name = LaunchScreen.storyboard;
			sourceTree = "<group>";
		};
/* End PBXVariantGroup section */

/* Begin XCBuildConfiguration section */
		456F349F263D1BA3001CA534 /* Debug */ = {
			isa = XCBuildConfiguration;
			buildSettings = {
				ALWAYS_SEARCH_USER_PATHS = NO;
				CLANG_ANALYZER_NONNULL = YES;
				CLANG_ANALYZER_NUMBER_OBJECT_CONVERSION = YES_AGGRESSIVE;
				CLANG_CXX_LANGUAGE_STANDARD = "gnu++14";
				CLANG_CXX_LIBRARY = "libc++";
				CLANG_ENABLE_MODULES = YES;
				CLANG_ENABLE_OBJC_ARC = YES;
				CLANG_ENABLE_OBJC_WEAK = YES;
				CLANG_WARN_BLOCK_CAPTURE_AUTORELEASING = YES;
				CLANG_WARN_BOOL_CONVERSION = YES;
				CLANG_WARN_COMMA = YES;
				CLANG_WARN_CONSTANT_CONVERSION = YES;
				CLANG_WARN_DEPRECATED_OBJC_IMPLEMENTATIONS = YES;
				CLANG_WARN_DIRECT_OBJC_ISA_USAGE = YES_ERROR;
				CLANG_WARN_DOCUMENTATION_COMMENTS = YES;
				CLANG_WARN_EMPTY_BODY = YES;
				CLANG_WARN_ENUM_CONVERSION = YES;
				CLANG_WARN_INFINITE_RECURSION = YES;
				CLANG_WARN_INT_CONVERSION = YES;
				CLANG_WARN_NON_LITERAL_NULL_CONVERSION = YES;
				CLANG_WARN_OBJC_IMPLICIT_RETAIN_SELF = YES;
				CLANG_WARN_OBJC_LITERAL_CONVERSION = YES;
				CLANG_WARN_OBJC_ROOT_CLASS = YES_ERROR;
				CLANG_WARN_QUOTED_INCLUDE_IN_FRAMEWORK_HEADER = YES;
				CLANG_WARN_RANGE_LOOP_ANALYSIS = YES;
				CLANG_WARN_STRICT_PROTOTYPES = YES;
				CLANG_WARN_SUSPICIOUS_MOVE = YES;
				CLANG_WARN_UNGUARDED_AVAILABILITY = YES_AGGRESSIVE;
				CLANG_WARN_UNREACHABLE_CODE = YES;
				CLANG_WARN__DUPLICATE_METHOD_MATCH = YES;
				COPY_PHASE_STRIP = NO;
				DEBUG_INFORMATION_FORMAT = dwarf;
				ENABLE_STRICT_OBJC_MSGSEND = YES;
				ENABLE_TESTABILITY = YES;
				GCC_C_LANGUAGE_STANDARD = gnu11;
				GCC_DYNAMIC_NO_PIC = NO;
				GCC_NO_COMMON_BLOCKS = YES;
				GCC_OPTIMIZATION_LEVEL = 0;
				GCC_PREPROCESSOR_DEFINITIONS = (
					"DEBUG=1",
					"$(inherited)",
				);
				GCC_WARN_64_TO_32_BIT_CONVERSION = YES;
				GCC_WARN_ABOUT_RETURN_TYPE = YES_ERROR;
				GCC_WARN_UNDECLARED_SELECTOR = YES;
				GCC_WARN_UNINITIALIZED_AUTOS = YES_AGGRESSIVE;
				GCC_WARN_UNUSED_FUNCTION = YES;
				GCC_WARN_UNUSED_VARIABLE = YES;
				IPHONEOS_DEPLOYMENT_TARGET = 12.0;
				MTL_ENABLE_DEBUG_INFO = INCLUDE_SOURCE;
				MTL_FAST_MATH = YES;
				ONLY_ACTIVE_ARCH = YES;
				SDKROOT = iphoneos;
				SWIFT_ACTIVE_COMPILATION_CONDITIONS = DEBUG;
				SWIFT_OPTIMIZATION_LEVEL = "-Onone";
			};
			name = Debug;
		};
		456F34A0263D1BA3001CA534 /* Release */ = {
			isa = XCBuildConfiguration;
			buildSettings = {
				ALWAYS_SEARCH_USER_PATHS = NO;
				CLANG_ANALYZER_NONNULL = YES;
				CLANG_ANALYZER_NUMBER_OBJECT_CONVERSION = YES_AGGRESSIVE;
				CLANG_CXX_LANGUAGE_STANDARD = "gnu++14";
				CLANG_CXX_LIBRARY = "libc++";
				CLANG_ENABLE_MODULES = YES;
				CLANG_ENABLE_OBJC_ARC = YES;
				CLANG_ENABLE_OBJC_WEAK = YES;
				CLANG_WARN_BLOCK_CAPTURE_AUTORELEASING = YES;
				CLANG_WARN_BOOL_CONVERSION = YES;
				CLANG_WARN_COMMA = YES;
				CLANG_WARN_CONSTANT_CONVERSION = YES;
				CLANG_WARN_DEPRECATED_OBJC_IMPLEMENTATIONS = YES;
				CLANG_WARN_DIRECT_OBJC_ISA_USAGE = YES_ERROR;
				CLANG_WARN_DOCUMENTATION_COMMENTS = YES;
				CLANG_WARN_EMPTY_BODY = YES;
				CLANG_WARN_ENUM_CONVERSION = YES;
				CLANG_WARN_INFINITE_RECURSION = YES;
				CLANG_WARN_INT_CONVERSION = YES;
				CLANG_WARN_NON_LITERAL_NULL_CONVERSION = YES;
				CLANG_WARN_OBJC_IMPLICIT_RETAIN_SELF = YES;
				CLANG_WARN_OBJC_LITERAL_CONVERSION = YES;
				CLANG_WARN_OBJC_ROOT_CLASS = YES_ERROR;
				CLANG_WARN_QUOTED_INCLUDE_IN_FRAMEWORK_HEADER = YES;
				CLANG_WARN_RANGE_LOOP_ANALYSIS = YES;
				CLANG_WARN_STRICT_PROTOTYPES = YES;
				CLANG_WARN_SUSPICIOUS_MOVE = YES;
				CLANG_WARN_UNGUARDED_AVAILABILITY = YES_AGGRESSIVE;
				CLANG_WARN_UNREACHABLE_CODE = YES;
				CLANG_WARN__DUPLICATE_METHOD_MATCH = YES;
				COPY_PHASE_STRIP = NO;
				DEBUG_INFORMATION_FORMAT = "dwarf-with-dsym";
				ENABLE_NS_ASSERTIONS = NO;
				ENABLE_STRICT_OBJC_MSGSEND = YES;
				GCC_C_LANGUAGE_STANDARD = gnu11;
				GCC_NO_COMMON_BLOCKS = YES;
				GCC_WARN_64_TO_32_BIT_CONVERSION = YES;
				GCC_WARN_ABOUT_RETURN_TYPE = YES_ERROR;
				GCC_WARN_UNDECLARED_SELECTOR = YES;
				GCC_WARN_UNINITIALIZED_AUTOS = YES_AGGRESSIVE;
				GCC_WARN_UNUSED_FUNCTION = YES;
				GCC_WARN_UNUSED_VARIABLE = YES;
				IPHONEOS_DEPLOYMENT_TARGET = 12.0;
				MTL_ENABLE_DEBUG_INFO = NO;
				MTL_FAST_MATH = YES;
				SDKROOT = iphoneos;
				SWIFT_COMPILATION_MODE = wholemodule;
				SWIFT_OPTIMIZATION_LEVEL = "-O";
				VALIDATE_PRODUCT = YES;
			};
			name = Release;
		};
		456F34A2263D1BA3001CA534 /* Debug */ = {
			isa = XCBuildConfiguration;
			baseConfigurationReference = BF230AC2EE2A1F29EBE5453E /* Pods-happinessDiary.debug.xcconfig */;
			buildSettings = {
				ASSETCATALOG_COMPILER_APPICON_NAME = AppIcon;
				ASSETCATALOG_COMPILER_GLOBAL_ACCENT_COLOR_NAME = AccentColor;
				CODE_SIGN_STYLE = Automatic;
				DEVELOPMENT_TEAM = QL8Z974T3C;
				FRAMEWORK_SEARCH_PATHS = (
					"$(inherited)",
					"$(PROJECT_DIR)/Carthage/Build/iCarousel.xcframework/ios-arm64_armv7",
					"$(PROJECT_DIR)/Carthage/Build/Alamofire.xcframework/ios-arm64_armv7",
					"$(PROJECT_DIR)/Carthage/Build/SnapKit.xcframework/ios-arm64_armv7",
				);
				INFOPLIST_FILE = happinessDiary/Info.plist;
				LD_RUNPATH_SEARCH_PATHS = (
					"$(inherited)",
					"@executable_path/Frameworks",
				);
				PRODUCT_BUNDLE_IDENTIFIER = com.ddd.thirdParty.happinessDiary;
				PRODUCT_NAME = "$(TARGET_NAME)";
				SWIFT_VERSION = 5.0;
				TARGETED_DEVICE_FAMILY = "1,2";
			};
			name = Debug;
		};
		456F34A3263D1BA3001CA534 /* Release */ = {
			isa = XCBuildConfiguration;
			baseConfigurationReference = B5AD47833ADD53AC17B8A1E6 /* Pods-happinessDiary.release.xcconfig */;
			buildSettings = {
				ASSETCATALOG_COMPILER_APPICON_NAME = AppIcon;
				ASSETCATALOG_COMPILER_GLOBAL_ACCENT_COLOR_NAME = AccentColor;
				CODE_SIGN_STYLE = Automatic;
				DEVELOPMENT_TEAM = QL8Z974T3C;
				FRAMEWORK_SEARCH_PATHS = (
					"$(inherited)",
					"$(PROJECT_DIR)/Carthage/Build/iCarousel.xcframework/ios-arm64_armv7",
					"$(PROJECT_DIR)/Carthage/Build/Alamofire.xcframework/ios-arm64_armv7",
					"$(PROJECT_DIR)/Carthage/Build/SnapKit.xcframework/ios-arm64_armv7",
				);
				INFOPLIST_FILE = happinessDiary/Info.plist;
				LD_RUNPATH_SEARCH_PATHS = (
					"$(inherited)",
					"@executable_path/Frameworks",
				);
				PRODUCT_BUNDLE_IDENTIFIER = com.ddd.thirdParty.happinessDiary;
				PRODUCT_NAME = "$(TARGET_NAME)";
				SWIFT_VERSION = 5.0;
				TARGETED_DEVICE_FAMILY = "1,2";
			};
			name = Release;
		};
/* End XCBuildConfiguration section */

/* Begin XCConfigurationList section */
		456F3488263D1BA1001CA534 /* Build configuration list for PBXProject "happinessDiary" */ = {
			isa = XCConfigurationList;
			buildConfigurations = (
				456F349F263D1BA3001CA534 /* Debug */,
				456F34A0263D1BA3001CA534 /* Release */,
			);
			defaultConfigurationIsVisible = 0;
			defaultConfigurationName = Release;
		};
		456F34A1263D1BA3001CA534 /* Build configuration list for PBXNativeTarget "happinessDiary" */ = {
			isa = XCConfigurationList;
			buildConfigurations = (
				456F34A2263D1BA3001CA534 /* Debug */,
				456F34A3263D1BA3001CA534 /* Release */,
			);
			defaultConfigurationIsVisible = 0;
			defaultConfigurationName = Release;
		};
/* End XCConfigurationList section */
	};
	rootObject = 456F3485263D1BA1001CA534 /* Project object */;
}
